
Microsoft Visual Studio Solution File, Format Version 12.00
# Visual Studio Version 17
VisualStudioVersion = 17.7.34024.191
MinimumVisualStudioVersion = 10.0.40219.1
Project("{FAE04EC0-301F-11D3-BF4B-00C04F79EFBC}") = "Arrays", "Arrays.csproj", "{45F1A4C2-FDC3-4C54-B4E5-95BE80A6667E}"
EndProject
Global
	GlobalSection(SolutionConfigurationPlatforms) = preSolution
		Debug|Any CPU = Debug|Any CPU
		Release|Any CPU = Release|Any CPU
	EndGlobalSection
	GlobalSection(ProjectConfigurationPlatforms) = postSolution
		{45F1A4C2-FDC3-4C54-B4E5-95BE80A6667E}.Debug|Any CPU.ActiveCfg = Debug|Any CPU
		{45F1A4C2-FDC3-4C54-B4E5-95BE80A6667E}.Debug|Any CPU.Build.0 = Debug|Any CPU
		{45F1A4C2-FDC3-4C54-B4E5-95BE80A6667E}.Release|Any CPU.ActiveCfg = Release|Any CPU
		{45F1A4C2-FDC3-4C54-B4E5-95BE80A6667E}.Release|Any CPU.Build.0 = Release|Any CPU
	EndGlobalSection
	GlobalSection(SolutionProperties) = preSolution
		HideSolutionNode = FALSE
	EndGlobalSection
	GlobalSection(ExtensibilityGlobals) = postSolution
		SolutionGuid = {E0BCE924-D6BA-457F-8B71-2C09B6F75F5C}
	EndGlobalSection
EndGlobal
